
Microsoft Visual Studio Solution File, Format Version 12.00
# Visual Studio Version 17
VisualStudioVersion = 17.13.35825.156 d17.13
MinimumVisualStudioVersion = 10.0.40219.1
Project("{FAE04EC0-301F-11D3-BF4B-00C04F79EFBC}") = "Theme02_Task1", "Theme02_Task1\Theme02_Task1.csproj", "{37BFEC95-01A3-428C-996B-D1E063546A8D}"
EndProject
Global
	GlobalSection(SolutionConfigurationPlatforms) = preSolution
		Debug|Any CPU = Debug|Any CPU
		Debug|x64 = Debug|x64
		Release|Any CPU = Release|Any CPU
		Release|x64 = Release|x64
	EndGlobalSection
	GlobalSection(ProjectConfigurationPlatforms) = postSolution
		{37BFEC95-01A3-428C-996B-D1E063546A8D}.Debug|Any CPU.ActiveCfg = Debug|Any CPU
		{37BFEC95-01A3-428C-996B-D1E063546A8D}.Debug|Any CPU.Build.0 = Debug|Any CPU
		{37BFEC95-01A3-428C-996B-D1E063546A8D}.Debug|x64.ActiveCfg = Debug|x64
		{37BFEC95-01A3-428C-996B-D1E063546A8D}.Release|Any CPU.ActiveCfg = Release|Any CPU
		{37BFEC95-01A3-428C-996B-D1E063546A8D}.Release|Any CPU.Build.0 = Release|Any CPU
		{37BFEC95-01A3-428C-996B-D1E063546A8D}.Release|x64.ActiveCfg = Release|x64
		{37BFEC95-01A3-428C-996B-D1E063546A8D}.Release|x64.Build.0 = Release|x64
	EndGlobalSection
	GlobalSection(SolutionProperties) = preSolution
		HideSolutionNode = FALSE
	EndGlobalSection
	GlobalSection(ExtensibilityGlobals) = postSolution
		SolutionGuid = {9152E527-6686-4C54-BD2C-2C8014CC04E4}
	EndGlobalSection
EndGlobal
